// !$*UTF8*$!
{
	archiveVersion = 1;
	classes = {
	};
	objectVersion = 55;
	objects = {

/* Begin PBXBuildFile section */
		0016E548277CAA8A00D8D844 /* AppDelegate.swift in Sources */ = {isa = PBXBuildFile; fileRef = 0016E547277CAA8A00D8D844 /* AppDelegate.swift */; };
		0016E54A277CAA8A00D8D844 /* SceneDelegate.swift in Sources */ = {isa = PBXBuildFile; fileRef = 0016E549277CAA8A00D8D844 /* SceneDelegate.swift */; };
		0016E54F277CAA8A00D8D844 /* Main.storyboard in Resources */ = {isa = PBXBuildFile; fileRef = 0016E54D277CAA8A00D8D844 /* Main.storyboard */; };
		0016E552277CAA8A00D8D844 /* BeyondTask.xcdatamodeld in Sources */ = {isa = PBXBuildFile; fileRef = 0016E550277CAA8A00D8D844 /* BeyondTask.xcdatamodeld */; };
		0016E554277CAA8F00D8D844 /* Assets.xcassets in Resources */ = {isa = PBXBuildFile; fileRef = 0016E553277CAA8F00D8D844 /* Assets.xcassets */; };
		0016E557277CAA8F00D8D844 /* LaunchScreen.storyboard in Resources */ = {isa = PBXBuildFile; fileRef = 0016E555277CAA8F00D8D844 /* LaunchScreen.storyboard */; };
		0016E562277CAA9000D8D844 /* BeyondTaskTests.swift in Sources */ = {isa = PBXBuildFile; fileRef = 0016E561277CAA9000D8D844 /* BeyondTaskTests.swift */; };
		0016E56C277CAA9000D8D844 /* BeyondTaskUITests.swift in Sources */ = {isa = PBXBuildFile; fileRef = 0016E56B277CAA9000D8D844 /* BeyondTaskUITests.swift */; };
		0016E56E277CAA9000D8D844 /* BeyondTaskUITestsLaunchTests.swift in Sources */ = {isa = PBXBuildFile; fileRef = 0016E56D277CAA9000D8D844 /* BeyondTaskUITestsLaunchTests.swift */; };
		0016E747277CAF8F00D8D844 /* FilterViewController.swift in Sources */ = {isa = PBXBuildFile; fileRef = 0016E746277CAF8F00D8D844 /* FilterViewController.swift */; };
		0016E749277CAFAD00D8D844 /* FilterViewModel.swift in Sources */ = {isa = PBXBuildFile; fileRef = 0016E748277CAFAD00D8D844 /* FilterViewModel.swift */; };
		0016E74C277CB49400D8D844 /* UseCase.swift in Sources */ = {isa = PBXBuildFile; fileRef = 0016E74B277CB49400D8D844 /* UseCase.swift */; };
		0016E751277CC16600D8D844 /* BaseViewController.swift in Sources */ = {isa = PBXBuildFile; fileRef = 0016E74E277CC16600D8D844 /* BaseViewController.swift */; };
		0016E752277CC16600D8D844 /* CheckInternet.swift in Sources */ = {isa = PBXBuildFile; fileRef = 0016E74F277CC16600D8D844 /* CheckInternet.swift */; };
		0016E753277CC16600D8D844 /* KeyBoard.swift in Sources */ = {isa = PBXBuildFile; fileRef = 0016E750277CC16600D8D844 /* KeyBoard.swift */; };
		0016E758277CC28D00D8D844 /* Alert.swift in Sources */ = {isa = PBXBuildFile; fileRef = 0016E756277CC28D00D8D844 /* Alert.swift */; };
		0016E75B277CCDE800D8D844 /* FilterCollectionViewCell.swift in Sources */ = {isa = PBXBuildFile; fileRef = 0016E75A277CCDE800D8D844 /* FilterCollectionViewCell.swift */; };
		0016E75D277CECE100D8D844 /* Constants.swift in Sources */ = {isa = PBXBuildFile; fileRef = 0016E75C277CECE100D8D844 /* Constants.swift */; };
		0016E765277D07DC00D8D844 /* VideoViewModel.swift in Sources */ = {isa = PBXBuildFile; fileRef = 0016E764277D07DC00D8D844 /* VideoViewModel.swift */; };
		0016E767277D07EA00D8D844 /* Video.storyboard in Resources */ = {isa = PBXBuildFile; fileRef = 0016E766277D07EA00D8D844 /* Video.storyboard */; };
		0016E769277D07F900D8D844 /* VideoViewController.swift in Sources */ = {isa = PBXBuildFile; fileRef = 0016E768277D07F900D8D844 /* VideoViewController.swift */; };
		00AF42C4277E16FB00A33BC8 /* GPUImage.framework in Frameworks */ = {isa = PBXBuildFile; fileRef = 00AF42BC277E163300A33BC8 /* GPUImage.framework */; };
		00AF42C6277E171E00A33BC8 /* GPUImage.framework in CopyFiles */ = {isa = PBXBuildFile; fileRef = 00AF42BC277E163300A33BC8 /* GPUImage.framework */; settings = {ATTRIBUTES = (CodeSignOnCopy, RemoveHeadersOnCopy, ); }; };
		00F64CFE277D95E100625E99 /* VideoPicker.swift in Sources */ = {isa = PBXBuildFile; fileRef = 00F64CFD277D95E100625E99 /* VideoPicker.swift */; };
		00F64D04277D9D4600625E99 /* VideoRouter.swift in Sources */ = {isa = PBXBuildFile; fileRef = 00F64D02277D9D4600625E99 /* VideoRouter.swift */; };
		00F64D07277D9EB600625E99 /* FilterRouter.swift in Sources */ = {isa = PBXBuildFile; fileRef = 00F64D06277D9EB500625E99 /* FilterRouter.swift */; };
		00F64D1A277DAC0000625E99 /* ApplicationService.swift in Sources */ = {isa = PBXBuildFile; fileRef = 00F64D16277DAC0000625E99 /* ApplicationService.swift */; };
		00F64D1B277DAC0000625E99 /* ApplicationDelegate.swift in Sources */ = {isa = PBXBuildFile; fileRef = 00F64D17277DAC0000625E99 /* ApplicationDelegate.swift */; };
		00F64D1E277DC74000625E99 /* UIApplication+ScreenShot.swift in Sources */ = {isa = PBXBuildFile; fileRef = 00F64D1D277DC74000625E99 /* UIApplication+ScreenShot.swift */; };
		00F64D21277DDBCE00625E99 /* VideoPicker+Filter.swift in Sources */ = {isa = PBXBuildFile; fileRef = 00F64D20277DDBCE00625E99 /* VideoPicker+Filter.swift */; };
		01A12F09AAE347487DEF4882 /* Pods_BeyondTask_BeyondTaskUITests.framework in Frameworks */ = {isa = PBXBuildFile; fileRef = 13C625434457107BDE25B7D2 /* Pods_BeyondTask_BeyondTaskUITests.framework */; };
		8A2A5074C53E82C7AC489225 /* Pods_BeyondTaskTests.framework in Frameworks */ = {isa = PBXBuildFile; fileRef = 24BB05B9281205D86372B39E /* Pods_BeyondTaskTests.framework */; };
		AD55372FE1065F447CB1D994 /* Pods_BeyondTask.framework in Frameworks */ = {isa = PBXBuildFile; fileRef = D01366499FB415369CDF3795 /* Pods_BeyondTask.framework */; };
/* End PBXBuildFile section */

/* Begin PBXContainerItemProxy section */
		0016E55E277CAA9000D8D844 /* PBXContainerItemProxy */ = {
			isa = PBXContainerItemProxy;
			containerPortal = 0016E53C277CAA8A00D8D844 /* Project object */;
			proxyType = 1;
			remoteGlobalIDString = 0016E543277CAA8A00D8D844;
			remoteInfo = BeyondTask;
		};
		0016E568277CAA9000D8D844 /* PBXContainerItemProxy */ = {
			isa = PBXContainerItemProxy;
			containerPortal = 0016E53C277CAA8A00D8D844 /* Project object */;
			proxyType = 1;
			remoteGlobalIDString = 0016E543277CAA8A00D8D844;
			remoteInfo = BeyondTask;
		};
		00AF42BB277E163300A33BC8 /* PBXContainerItemProxy */ = {
			isa = PBXContainerItemProxy;
			containerPortal = 00AF42B6277E163300A33BC8 /* GPUImage.xcodeproj */;
			proxyType = 2;
			remoteGlobalIDString = BCE0BE7C20D6DE610006E120;
			remoteInfo = GPUImage_iOS;
		};
		00AF42BD277E163300A33BC8 /* PBXContainerItemProxy */ = {
			isa = PBXContainerItemProxy;
			containerPortal = 00AF42B6277E163300A33BC8 /* GPUImage.xcodeproj */;
			proxyType = 2;
			remoteGlobalIDString = BCE0BE8C20D6E2B80006E120;
			remoteInfo = GPUImage_macOS;
		};
		00AF42C2277E16E500A33BC8 /* PBXContainerItemProxy */ = {
			isa = PBXContainerItemProxy;
			containerPortal = 00AF42B6277E163300A33BC8 /* GPUImage.xcodeproj */;
			proxyType = 1;
			remoteGlobalIDString = BCE0BE7B20D6DE610006E120;
			remoteInfo = GPUImage_iOS;
		};
/* End PBXContainerItemProxy section */

/* Begin PBXCopyFilesBuildPhase section */
		00AF42C5277E170600A33BC8 /* CopyFiles */ = {
			isa = PBXCopyFilesBuildPhase;
			buildActionMask = 2147483647;
			dstPath = "";
			dstSubfolderSpec = 10;
			files = (
				00AF42C6277E171E00A33BC8 /* GPUImage.framework in CopyFiles */,
			);
			runOnlyForDeploymentPostprocessing = 0;
		};
/* End PBXCopyFilesBuildPhase section */

/* Begin PBXFileReference section */
		0016E544277CAA8A00D8D844 /* BeyondTask.app */ = {isa = PBXFileReference; explicitFileType = wrapper.application; includeInIndex = 0; path = BeyondTask.app; sourceTree = BUILT_PRODUCTS_DIR; };
		0016E547277CAA8A00D8D844 /* AppDelegate.swift */ = {isa = PBXFileReference; lastKnownFileType = sourcecode.swift; path = AppDelegate.swift; sourceTree = "<group>"; };
		0016E549277CAA8A00D8D844 /* SceneDelegate.swift */ = {isa = PBXFileReference; lastKnownFileType = sourcecode.swift; path = SceneDelegate.swift; sourceTree = "<group>"; };
		0016E54E277CAA8A00D8D844 /* Base */ = {isa = PBXFileReference; lastKnownFileType = file.storyboard; name = Base; path = Base.lproj/Main.storyboard; sourceTree = "<group>"; };
		0016E551277CAA8A00D8D844 /* BeyondTask.xcdatamodel */ = {isa = PBXFileReference; lastKnownFileType = wrapper.xcdatamodel; path = BeyondTask.xcdatamodel; sourceTree = "<group>"; };
		0016E553277CAA8F00D8D844 /* Assets.xcassets */ = {isa = PBXFileReference; lastKnownFileType = folder.assetcatalog; path = Assets.xcassets; sourceTree = "<group>"; };
		0016E556277CAA8F00D8D844 /* Base */ = {isa = PBXFileReference; lastKnownFileType = file.storyboard; name = Base; path = Base.lproj/LaunchScreen.storyboard; sourceTree = "<group>"; };
		0016E558277CAA8F00D8D844 /* Info.plist */ = {isa = PBXFileReference; lastKnownFileType = text.plist.xml; path = Info.plist; sourceTree = "<group>"; };
		0016E55D277CAA9000D8D844 /* BeyondTaskTests.xctest */ = {isa = PBXFileReference; explicitFileType = wrapper.cfbundle; includeInIndex = 0; path = BeyondTaskTests.xctest; sourceTree = BUILT_PRODUCTS_DIR; };
		0016E561277CAA9000D8D844 /* BeyondTaskTests.swift */ = {isa = PBXFileReference; lastKnownFileType = sourcecode.swift; path = BeyondTaskTests.swift; sourceTree = "<group>"; };
		0016E567277CAA9000D8D844 /* BeyondTaskUITests.xctest */ = {isa = PBXFileReference; explicitFileType = wrapper.cfbundle; includeInIndex = 0; path = BeyondTaskUITests.xctest; sourceTree = BUILT_PRODUCTS_DIR; };
		0016E56B277CAA9000D8D844 /* BeyondTaskUITests.swift */ = {isa = PBXFileReference; lastKnownFileType = sourcecode.swift; path = BeyondTaskUITests.swift; sourceTree = "<group>"; };
		0016E56D277CAA9000D8D844 /* BeyondTaskUITestsLaunchTests.swift */ = {isa = PBXFileReference; lastKnownFileType = sourcecode.swift; path = BeyondTaskUITestsLaunchTests.swift; sourceTree = "<group>"; };
		0016E746277CAF8F00D8D844 /* FilterViewController.swift */ = {isa = PBXFileReference; lastKnownFileType = sourcecode.swift; path = FilterViewController.swift; sourceTree = "<group>"; };
		0016E748277CAFAD00D8D844 /* FilterViewModel.swift */ = {isa = PBXFileReference; lastKnownFileType = sourcecode.swift; path = FilterViewModel.swift; sourceTree = "<group>"; };
		0016E74B277CB49400D8D844 /* UseCase.swift */ = {isa = PBXFileReference; lastKnownFileType = sourcecode.swift; path = UseCase.swift; sourceTree = "<group>"; };
		0016E74E277CC16600D8D844 /* BaseViewController.swift */ = {isa = PBXFileReference; fileEncoding = 4; lastKnownFileType = sourcecode.swift; path = BaseViewController.swift; sourceTree = "<group>"; };
		0016E74F277CC16600D8D844 /* CheckInternet.swift */ = {isa = PBXFileReference; fileEncoding = 4; lastKnownFileType = sourcecode.swift; path = CheckInternet.swift; sourceTree = "<group>"; };
		0016E750277CC16600D8D844 /* KeyBoard.swift */ = {isa = PBXFileReference; fileEncoding = 4; lastKnownFileType = sourcecode.swift; path = KeyBoard.swift; sourceTree = "<group>"; };
		0016E756277CC28D00D8D844 /* Alert.swift */ = {isa = PBXFileReference; fileEncoding = 4; lastKnownFileType = sourcecode.swift; path = Alert.swift; sourceTree = "<group>"; };
		0016E75A277CCDE800D8D844 /* FilterCollectionViewCell.swift */ = {isa = PBXFileReference; lastKnownFileType = sourcecode.swift; path = FilterCollectionViewCell.swift; sourceTree = "<group>"; };
		0016E75C277CECE100D8D844 /* Constants.swift */ = {isa = PBXFileReference; lastKnownFileType = sourcecode.swift; path = Constants.swift; sourceTree = "<group>"; };
		0016E764277D07DC00D8D844 /* VideoViewModel.swift */ = {isa = PBXFileReference; lastKnownFileType = sourcecode.swift; path = VideoViewModel.swift; sourceTree = "<group>"; };
		0016E766277D07EA00D8D844 /* Video.storyboard */ = {isa = PBXFileReference; lastKnownFileType = file.storyboard; path = Video.storyboard; sourceTree = "<group>"; };
		0016E768277D07F900D8D844 /* VideoViewController.swift */ = {isa = PBXFileReference; lastKnownFileType = sourcecode.swift; path = VideoViewController.swift; sourceTree = "<group>"; };
		00AF42B6277E163300A33BC8 /* GPUImage.xcodeproj */ = {isa = PBXFileReference; lastKnownFileType = "wrapper.pb-project"; name = GPUImage.xcodeproj; path = "../../GPUImage3-master/framework/GPUImage.xcodeproj"; sourceTree = "<group>"; };
		00F64CFD277D95E100625E99 /* VideoPicker.swift */ = {isa = PBXFileReference; lastKnownFileType = sourcecode.swift; path = VideoPicker.swift; sourceTree = "<group>"; };
		00F64D02277D9D4600625E99 /* VideoRouter.swift */ = {isa = PBXFileReference; fileEncoding = 4; lastKnownFileType = sourcecode.swift; path = VideoRouter.swift; sourceTree = "<group>"; };
		00F64D06277D9EB500625E99 /* FilterRouter.swift */ = {isa = PBXFileReference; fileEncoding = 4; lastKnownFileType = sourcecode.swift; path = FilterRouter.swift; sourceTree = "<group>"; };
		00F64D16277DAC0000625E99 /* ApplicationService.swift */ = {isa = PBXFileReference; fileEncoding = 4; lastKnownFileType = sourcecode.swift; path = ApplicationService.swift; sourceTree = "<group>"; };
		00F64D17277DAC0000625E99 /* ApplicationDelegate.swift */ = {isa = PBXFileReference; fileEncoding = 4; lastKnownFileType = sourcecode.swift; path = ApplicationDelegate.swift; sourceTree = "<group>"; };
		00F64D1D277DC74000625E99 /* UIApplication+ScreenShot.swift */ = {isa = PBXFileReference; lastKnownFileType = sourcecode.swift; path = "UIApplication+ScreenShot.swift"; sourceTree = "<group>"; };
		00F64D20277DDBCE00625E99 /* VideoPicker+Filter.swift */ = {isa = PBXFileReference; lastKnownFileType = sourcecode.swift; path = "VideoPicker+Filter.swift"; sourceTree = "<group>"; };
		13C625434457107BDE25B7D2 /* Pods_BeyondTask_BeyondTaskUITests.framework */ = {isa = PBXFileReference; explicitFileType = wrapper.framework; includeInIndex = 0; path = Pods_BeyondTask_BeyondTaskUITests.framework; sourceTree = BUILT_PRODUCTS_DIR; };
		1B4D8441378C1DC43552D450 /* Pods-BeyondTaskTests.debug.xcconfig */ = {isa = PBXFileReference; includeInIndex = 1; lastKnownFileType = text.xcconfig; name = "Pods-BeyondTaskTests.debug.xcconfig"; path = "Target Support Files/Pods-BeyondTaskTests/Pods-BeyondTaskTests.debug.xcconfig"; sourceTree = "<group>"; };
		24BB05B9281205D86372B39E /* Pods_BeyondTaskTests.framework */ = {isa = PBXFileReference; explicitFileType = wrapper.framework; includeInIndex = 0; path = Pods_BeyondTaskTests.framework; sourceTree = BUILT_PRODUCTS_DIR; };
		4B079C9F978DD015A85D632E /* Pods-BeyondTask-BeyondTaskUITests.release.xcconfig */ = {isa = PBXFileReference; includeInIndex = 1; lastKnownFileType = text.xcconfig; name = "Pods-BeyondTask-BeyondTaskUITests.release.xcconfig"; path = "Target Support Files/Pods-BeyondTask-BeyondTaskUITests/Pods-BeyondTask-BeyondTaskUITests.release.xcconfig"; sourceTree = "<group>"; };
		59EA7E726F410CD335A235FA /* Pods-BeyondTask-BeyondTaskUITests.debug.xcconfig */ = {isa = PBXFileReference; includeInIndex = 1; lastKnownFileType = text.xcconfig; name = "Pods-BeyondTask-BeyondTaskUITests.debug.xcconfig"; path = "Target Support Files/Pods-BeyondTask-BeyondTaskUITests/Pods-BeyondTask-BeyondTaskUITests.debug.xcconfig"; sourceTree = "<group>"; };
		72CA54EB3A61DDB66876EC5D /* Pods-BeyondTask.debug.xcconfig */ = {isa = PBXFileReference; includeInIndex = 1; lastKnownFileType = text.xcconfig; name = "Pods-BeyondTask.debug.xcconfig"; path = "Target Support Files/Pods-BeyondTask/Pods-BeyondTask.debug.xcconfig"; sourceTree = "<group>"; };
		94DB8CF8FC0D74E5483A4DF7 /* Pods-BeyondTask.release.xcconfig */ = {isa = PBXFileReference; includeInIndex = 1; lastKnownFileType = text.xcconfig; name = "Pods-BeyondTask.release.xcconfig"; path = "Target Support Files/Pods-BeyondTask/Pods-BeyondTask.release.xcconfig"; sourceTree = "<group>"; };
		D01366499FB415369CDF3795 /* Pods_BeyondTask.framework */ = {isa = PBXFileReference; explicitFileType = wrapper.framework; includeInIndex = 0; path = Pods_BeyondTask.framework; sourceTree = BUILT_PRODUCTS_DIR; };
		DD1CA2CC29CB15542AC1325B /* Pods-BeyondTaskTests.release.xcconfig */ = {isa = PBXFileReference; includeInIndex = 1; lastKnownFileType = text.xcconfig; name = "Pods-BeyondTaskTests.release.xcconfig"; path = "Target Support Files/Pods-BeyondTaskTests/Pods-BeyondTaskTests.release.xcconfig"; sourceTree = "<group>"; };
/* End PBXFileReference section */

/* Begin PBXFrameworksBuildPhase section */
		0016E541277CAA8A00D8D844 /* Frameworks */ = {
			isa = PBXFrameworksBuildPhase;
			buildActionMask = 2147483647;
			files = (
				00AF42C4277E16FB00A33BC8 /* GPUImage.framework in Frameworks */,
				AD55372FE1065F447CB1D994 /* Pods_BeyondTask.framework in Frameworks */,
			);
			runOnlyForDeploymentPostprocessing = 0;
		};
		0016E55A277CAA9000D8D844 /* Frameworks */ = {
			isa = PBXFrameworksBuildPhase;
			buildActionMask = 2147483647;
			files = (
				8A2A5074C53E82C7AC489225 /* Pods_BeyondTaskTests.framework in Frameworks */,
			);
			runOnlyForDeploymentPostprocessing = 0;
		};
		0016E564277CAA9000D8D844 /* Frameworks */ = {
			isa = PBXFrameworksBuildPhase;
			buildActionMask = 2147483647;
			files = (
				01A12F09AAE347487DEF4882 /* Pods_BeyondTask_BeyondTaskUITests.framework in Frameworks */,
			);
			runOnlyForDeploymentPostprocessing = 0;
		};
/* End PBXFrameworksBuildPhase section */

/* Begin PBXGroup section */
		0016E53B277CAA8A00D8D844 = {
			isa = PBXGroup;
			children = (
				0016E546277CAA8A00D8D844 /* BeyondTask */,
				0016E560277CAA9000D8D844 /* BeyondTaskTests */,
				0016E56A277CAA9000D8D844 /* BeyondTaskUITests */,
				0016E545277CAA8A00D8D844 /* Products */,
				5EC37F3DD52D4C5A5307D898 /* Pods */,
				6EC432513DBF144F5594C81E /* Frameworks */,
			);
			sourceTree = "<group>";
		};
		0016E545277CAA8A00D8D844 /* Products */ = {
			isa = PBXGroup;
			children = (
				0016E544277CAA8A00D8D844 /* BeyondTask.app */,
				0016E55D277CAA9000D8D844 /* BeyondTaskTests.xctest */,
				0016E567277CAA9000D8D844 /* BeyondTaskUITests.xctest */,
			);
			name = Products;
			sourceTree = "<group>";
		};
		0016E546277CAA8A00D8D844 /* BeyondTask */ = {
			isa = PBXGroup;
			children = (
				00AF42B6277E163300A33BC8 /* GPUImage.xcodeproj */,
				00F64D14277DAC0000625E99 /* ApplicationServices */,
				0016E74D277CC16600D8D844 /* Utils */,
				0016E74A277CB48800D8D844 /* Use Case */,
				0016E741277CAF2600D8D844 /* Scens */,
				0016E740277CAF1400D8D844 /* Resource */,
				0016E73F277CAF0000D8D844 /* App Delegation */,
				0016E558277CAA8F00D8D844 /* Info.plist */,
			);
			path = BeyondTask;
			sourceTree = "<group>";
		};
		0016E560277CAA9000D8D844 /* BeyondTaskTests */ = {
			isa = PBXGroup;
			children = (
				0016E561277CAA9000D8D844 /* BeyondTaskTests.swift */,
			);
			path = BeyondTaskTests;
			sourceTree = "<group>";
		};
		0016E56A277CAA9000D8D844 /* BeyondTaskUITests */ = {
			isa = PBXGroup;
			children = (
				0016E56B277CAA9000D8D844 /* BeyondTaskUITests.swift */,
				0016E56D277CAA9000D8D844 /* BeyondTaskUITestsLaunchTests.swift */,
			);
			path = BeyondTaskUITests;
			sourceTree = "<group>";
		};
		0016E73F277CAF0000D8D844 /* App Delegation */ = {
			isa = PBXGroup;
			children = (
				0016E547277CAA8A00D8D844 /* AppDelegate.swift */,
				0016E549277CAA8A00D8D844 /* SceneDelegate.swift */,
			);
			path = "App Delegation";
			sourceTree = "<group>";
		};
		0016E740277CAF1400D8D844 /* Resource */ = {
			isa = PBXGroup;
			children = (
				0016E553277CAA8F00D8D844 /* Assets.xcassets */,
				0016E555277CAA8F00D8D844 /* LaunchScreen.storyboard */,
				0016E550277CAA8A00D8D844 /* BeyondTask.xcdatamodeld */,
			);
			path = Resource;
			sourceTree = "<group>";
		};
		0016E741277CAF2600D8D844 /* Scens */ = {
			isa = PBXGroup;
			children = (
				0016E75F277D07AB00D8D844 /* Video */,
				0016E742277CAF6200D8D844 /* Filter */,
			);
			path = Scens;
			sourceTree = "<group>";
		};
		0016E742277CAF6200D8D844 /* Filter */ = {
			isa = PBXGroup;
			children = (
				00F64D05277D9EB500625E99 /* Router */,
				0016E759277CCDD100D8D844 /* Cell */,
				0016E745277CAF7400D8D844 /* View Model */,
				0016E744277CAF6E00D8D844 /* View */,
				0016E743277CAF6900D8D844 /* UI */,
			);
			path = Filter;
			sourceTree = "<group>";
		};
		0016E743277CAF6900D8D844 /* UI */ = {
			isa = PBXGroup;
			children = (
				0016E54D277CAA8A00D8D844 /* Main.storyboard */,
			);
			path = UI;
			sourceTree = "<group>";
		};
		0016E744277CAF6E00D8D844 /* View */ = {
			isa = PBXGroup;
			children = (
				0016E746277CAF8F00D8D844 /* FilterViewController.swift */,
			);
			path = View;
			sourceTree = "<group>";
		};
		0016E745277CAF7400D8D844 /* View Model */ = {
			isa = PBXGroup;
			children = (
				0016E748277CAFAD00D8D844 /* FilterViewModel.swift */,
			);
			path = "View Model";
			sourceTree = "<group>";
		};
		0016E74A277CB48800D8D844 /* Use Case */ = {
			isa = PBXGroup;
			children = (
				0016E74B277CB49400D8D844 /* UseCase.swift */,
			);
			path = "Use Case";
			sourceTree = "<group>";
		};
		0016E74D277CC16600D8D844 /* Utils */ = {
			isa = PBXGroup;
			children = (
				0016E74E277CC16600D8D844 /* BaseViewController.swift */,
				0016E756277CC28D00D8D844 /* Alert.swift */,
				0016E74F277CC16600D8D844 /* CheckInternet.swift */,
				0016E750277CC16600D8D844 /* KeyBoard.swift */,
				0016E75C277CECE100D8D844 /* Constants.swift */,
				00F64D1D277DC74000625E99 /* UIApplication+ScreenShot.swift */,
				00F64CFD277D95E100625E99 /* VideoPicker.swift */,
				00F64D20277DDBCE00625E99 /* VideoPicker+Filter.swift */,
			);
			path = Utils;
			sourceTree = "<group>";
		};
		0016E759277CCDD100D8D844 /* Cell */ = {
			isa = PBXGroup;
			children = (
				0016E75A277CCDE800D8D844 /* FilterCollectionViewCell.swift */,
			);
			path = Cell;
			sourceTree = "<group>";
		};
		0016E75F277D07AB00D8D844 /* Video */ = {
			isa = PBXGroup;
			children = (
				00F64D01277D9D4600625E99 /* Router */,
				0016E763277D07CC00D8D844 /* View Model */,
				0016E762277D07BD00D8D844 /* UI */,
				0016E761277D07B300D8D844 /* View */,
			);
			path = Video;
			sourceTree = "<group>";
		};
		0016E761277D07B300D8D844 /* View */ = {
			isa = PBXGroup;
			children = (
				0016E768277D07F900D8D844 /* VideoViewController.swift */,
			);
			path = View;
			sourceTree = "<group>";
		};
		0016E762277D07BD00D8D844 /* UI */ = {
			isa = PBXGroup;
			children = (
				0016E766277D07EA00D8D844 /* Video.storyboard */,
			);
			path = UI;
			sourceTree = "<group>";
		};
		0016E763277D07CC00D8D844 /* View Model */ = {
			isa = PBXGroup;
			children = (
				0016E764277D07DC00D8D844 /* VideoViewModel.swift */,
			);
			path = "View Model";
			sourceTree = "<group>";
		};
		00AF42B7277E163300A33BC8 /* Products */ = {
			isa = PBXGroup;
			children = (
				00AF42BC277E163300A33BC8 /* GPUImage.framework */,
				00AF42BE277E163300A33BC8 /* GPUImage.framework */,
			);
			name = Products;
			sourceTree = "<group>";
		};
		00F64D01277D9D4600625E99 /* Router */ = {
			isa = PBXGroup;
			children = (
				00F64D02277D9D4600625E99 /* VideoRouter.swift */,
			);
			path = Router;
			sourceTree = "<group>";
		};
		00F64D05277D9EB500625E99 /* Router */ = {
			isa = PBXGroup;
			children = (
				00F64D06277D9EB500625E99 /* FilterRouter.swift */,
			);
			path = Router;
			sourceTree = "<group>";
		};
		00F64D14277DAC0000625E99 /* ApplicationServices */ = {
			isa = PBXGroup;
			children = (
				00F64D16277DAC0000625E99 /* ApplicationService.swift */,
				00F64D17277DAC0000625E99 /* ApplicationDelegate.swift */,
			);
			path = ApplicationServices;
			sourceTree = "<group>";
		};
		5EC37F3DD52D4C5A5307D898 /* Pods */ = {
			isa = PBXGroup;
			children = (
				72CA54EB3A61DDB66876EC5D /* Pods-BeyondTask.debug.xcconfig */,
				94DB8CF8FC0D74E5483A4DF7 /* Pods-BeyondTask.release.xcconfig */,
				59EA7E726F410CD335A235FA /* Pods-BeyondTask-BeyondTaskUITests.debug.xcconfig */,
				4B079C9F978DD015A85D632E /* Pods-BeyondTask-BeyondTaskUITests.release.xcconfig */,
				1B4D8441378C1DC43552D450 /* Pods-BeyondTaskTests.debug.xcconfig */,
				DD1CA2CC29CB15542AC1325B /* Pods-BeyondTaskTests.release.xcconfig */,
			);
			path = Pods;
			sourceTree = "<group>";
		};
		6EC432513DBF144F5594C81E /* Frameworks */ = {
			isa = PBXGroup;
			children = (
				D01366499FB415369CDF3795 /* Pods_BeyondTask.framework */,
				13C625434457107BDE25B7D2 /* Pods_BeyondTask_BeyondTaskUITests.framework */,
				24BB05B9281205D86372B39E /* Pods_BeyondTaskTests.framework */,
			);
			name = Frameworks;
			sourceTree = "<group>";
		};
/* End PBXGroup section */

/* Begin PBXNativeTarget section */
		0016E543277CAA8A00D8D844 /* BeyondTask */ = {
			isa = PBXNativeTarget;
			buildConfigurationList = 0016E571277CAA9000D8D844 /* Build configuration list for PBXNativeTarget "BeyondTask" */;
			buildPhases = (
				8E21E0CB1422AFBFED309900 /* [CP] Check Pods Manifest.lock */,
				0016E540277CAA8A00D8D844 /* Sources */,
				0016E541277CAA8A00D8D844 /* Frameworks */,
				0016E542277CAA8A00D8D844 /* Resources */,
				83E35024A60F41F90056D247 /* [CP] Embed Pods Frameworks */,
				00AF42C5277E170600A33BC8 /* CopyFiles */,
			);
			buildRules = (
			);
			dependencies = (
				00AF42C3277E16E500A33BC8 /* PBXTargetDependency */,
			);
			name = BeyondTask;
			productName = BeyondTask;
			productReference = 0016E544277CAA8A00D8D844 /* BeyondTask.app */;
			productType = "com.apple.product-type.application";
		};
		0016E55C277CAA9000D8D844 /* BeyondTaskTests */ = {
			isa = PBXNativeTarget;
			buildConfigurationList = 0016E574277CAA9000D8D844 /* Build configuration list for PBXNativeTarget "BeyondTaskTests" */;
			buildPhases = (
				AB2B90ABCE7F54AC4286D9F9 /* [CP] Check Pods Manifest.lock */,
				0016E559277CAA9000D8D844 /* Sources */,
				0016E55A277CAA9000D8D844 /* Frameworks */,
				0016E55B277CAA9000D8D844 /* Resources */,
			);
			buildRules = (
			);
			dependencies = (
				0016E55F277CAA9000D8D844 /* PBXTargetDependency */,
			);
			name = BeyondTaskTests;
			productName = BeyondTaskTests;
			productReference = 0016E55D277CAA9000D8D844 /* BeyondTaskTests.xctest */;
			productType = "com.apple.product-type.bundle.unit-test";
		};
		0016E566277CAA9000D8D844 /* BeyondTaskUITests */ = {
			isa = PBXNativeTarget;
			buildConfigurationList = 0016E577277CAA9000D8D844 /* Build configuration list for PBXNativeTarget "BeyondTaskUITests" */;
			buildPhases = (
				9416F4C8B26A2CA2321E72F9 /* [CP] Check Pods Manifest.lock */,
				0016E563277CAA9000D8D844 /* Sources */,
				0016E564277CAA9000D8D844 /* Frameworks */,
				0016E565277CAA9000D8D844 /* Resources */,
				84ACAE6A50A7DC0B03046245 /* [CP] Embed Pods Frameworks */,
			);
			buildRules = (
			);
			dependencies = (
				0016E569277CAA9000D8D844 /* PBXTargetDependency */,
			);
			name = BeyondTaskUITests;
			productName = BeyondTaskUITests;
			productReference = 0016E567277CAA9000D8D844 /* BeyondTaskUITests.xctest */;
			productType = "com.apple.product-type.bundle.ui-testing";
		};
/* End PBXNativeTarget section */

/* Begin PBXProject section */
		0016E53C277CAA8A00D8D844 /* Project object */ = {
			isa = PBXProject;
			attributes = {
				BuildIndependentTargetsInParallel = 1;
				LastSwiftUpdateCheck = 1310;
				LastUpgradeCheck = 1310;
				TargetAttributes = {
					0016E543277CAA8A00D8D844 = {
						CreatedOnToolsVersion = 13.1;
					};
					0016E55C277CAA9000D8D844 = {
						CreatedOnToolsVersion = 13.1;
						TestTargetID = 0016E543277CAA8A00D8D844;
					};
					0016E566277CAA9000D8D844 = {
						CreatedOnToolsVersion = 13.1;
						TestTargetID = 0016E543277CAA8A00D8D844;
					};
				};
			};
			buildConfigurationList = 0016E53F277CAA8A00D8D844 /* Build configuration list for PBXProject "BeyondTask" */;
			compatibilityVersion = "Xcode 13.0";
			developmentRegion = en;
			hasScannedForEncodings = 0;
			knownRegions = (
				en,
				Base,
			);
			mainGroup = 0016E53B277CAA8A00D8D844;
			productRefGroup = 0016E545277CAA8A00D8D844 /* Products */;
			projectDirPath = "";
			projectReferences = (
				{
					ProductGroup = 00AF42B7277E163300A33BC8 /* Products */;
					ProjectRef = 00AF42B6277E163300A33BC8 /* GPUImage.xcodeproj */;
				},
			);
			projectRoot = "";
			targets = (
				0016E543277CAA8A00D8D844 /* BeyondTask */,
				0016E55C277CAA9000D8D844 /* BeyondTaskTests */,
				0016E566277CAA9000D8D844 /* BeyondTaskUITests */,
			);
		};
/* End PBXProject section */

/* Begin PBXReferenceProxy section */
		00AF42BC277E163300A33BC8 /* GPUImage.framework */ = {
			isa = PBXReferenceProxy;
			fileType = wrapper.framework;
			path = GPUImage.framework;
			remoteRef = 00AF42BB277E163300A33BC8 /* PBXContainerItemProxy */;
			sourceTree = BUILT_PRODUCTS_DIR;
		};
		00AF42BE277E163300A33BC8 /* GPUImage.framework */ = {
			isa = PBXReferenceProxy;
			fileType = wrapper.framework;
			path = GPUImage.framework;
			remoteRef = 00AF42BD277E163300A33BC8 /* PBXContainerItemProxy */;
			sourceTree = BUILT_PRODUCTS_DIR;
		};
/* End PBXReferenceProxy section */

/* Begin PBXResourcesBuildPhase section */
		0016E542277CAA8A00D8D844 /* Resources */ = {
			isa = PBXResourcesBuildPhase;
			buildActionMask = 2147483647;
			files = (
				0016E557277CAA8F00D8D844 /* LaunchScreen.storyboard in Resources */,
				0016E554277CAA8F00D8D844 /* Assets.xcassets in Resources */,
				0016E767277D07EA00D8D844 /* Video.storyboard in Resources */,
				0016E54F277CAA8A00D8D844 /* Main.storyboard in Resources */,
			);
			runOnlyForDeploymentPostprocessing = 0;
		};
		0016E55B277CAA9000D8D844 /* Resources */ = {
			isa = PBXResourcesBuildPhase;
			buildActionMask = 2147483647;
			files = (
			);
			runOnlyForDeploymentPostprocessing = 0;
		};
		0016E565277CAA9000D8D844 /* Resources */ = {
			isa = PBXResourcesBuildPhase;
			buildActionMask = 2147483647;
			files = (
			);
			runOnlyForDeploymentPostprocessing = 0;
		};
/* End PBXResourcesBuildPhase section */

/* Begin PBXShellScriptBuildPhase section */
		83E35024A60F41F90056D247 /* [CP] Embed Pods Frameworks */ = {
			isa = PBXShellScriptBuildPhase;
			buildActionMask = 2147483647;
			files = (
			);
			inputFileListPaths = (
				"${PODS_ROOT}/Target Support Files/Pods-BeyondTask/Pods-BeyondTask-frameworks-${CONFIGURATION}-input-files.xcfilelist",
			);
			name = "[CP] Embed Pods Frameworks";
			outputFileListPaths = (
				"${PODS_ROOT}/Target Support Files/Pods-BeyondTask/Pods-BeyondTask-frameworks-${CONFIGURATION}-output-files.xcfilelist",
			);
			runOnlyForDeploymentPostprocessing = 0;
			shellPath = /bin/sh;
			shellScript = "\"${PODS_ROOT}/Target Support Files/Pods-BeyondTask/Pods-BeyondTask-frameworks.sh\"\n";
			showEnvVarsInLog = 0;
		};
		84ACAE6A50A7DC0B03046245 /* [CP] Embed Pods Frameworks */ = {
			isa = PBXShellScriptBuildPhase;
			buildActionMask = 2147483647;
			files = (
			);
			inputFileListPaths = (
				"${PODS_ROOT}/Target Support Files/Pods-BeyondTask-BeyondTaskUITests/Pods-BeyondTask-BeyondTaskUITests-frameworks-${CONFIGURATION}-input-files.xcfilelist",
			);
			name = "[CP] Embed Pods Frameworks";
			outputFileListPaths = (
				"${PODS_ROOT}/Target Support Files/Pods-BeyondTask-BeyondTaskUITests/Pods-BeyondTask-BeyondTaskUITests-frameworks-${CONFIGURATION}-output-files.xcfilelist",
			);
			runOnlyForDeploymentPostprocessing = 0;
			shellPath = /bin/sh;
			shellScript = "\"${PODS_ROOT}/Target Support Files/Pods-BeyondTask-BeyondTaskUITests/Pods-BeyondTask-BeyondTaskUITests-frameworks.sh\"\n";
			showEnvVarsInLog = 0;
		};
		8E21E0CB1422AFBFED309900 /* [CP] Check Pods Manifest.lock */ = {
			isa = PBXShellScriptBuildPhase;
			buildActionMask = 2147483647;
			files = (
			);
			inputFileListPaths = (
			);
			inputPaths = (
				"${PODS_PODFILE_DIR_PATH}/Podfile.lock",
				"${PODS_ROOT}/Manifest.lock",
			);
			name = "[CP] Check Pods Manifest.lock";
			outputFileListPaths = (
			);
			outputPaths = (
				"$(DERIVED_FILE_DIR)/Pods-BeyondTask-checkManifestLockResult.txt",
			);
			runOnlyForDeploymentPostprocessing = 0;
			shellPath = /bin/sh;
			shellScript = "diff \"${PODS_PODFILE_DIR_PATH}/Podfile.lock\" \"${PODS_ROOT}/Manifest.lock\" > /dev/null\nif [ $? != 0 ] ; then\n    # print error to STDERR\n    echo \"error: The sandbox is not in sync with the Podfile.lock. Run 'pod install' or update your CocoaPods installation.\" >&2\n    exit 1\nfi\n# This output is used by Xcode 'outputs' to avoid re-running this script phase.\necho \"SUCCESS\" > \"${SCRIPT_OUTPUT_FILE_0}\"\n";
			showEnvVarsInLog = 0;
		};
		9416F4C8B26A2CA2321E72F9 /* [CP] Check Pods Manifest.lock */ = {
			isa = PBXShellScriptBuildPhase;
			buildActionMask = 2147483647;
			files = (
			);
			inputFileListPaths = (
			);
			inputPaths = (
				"${PODS_PODFILE_DIR_PATH}/Podfile.lock",
				"${PODS_ROOT}/Manifest.lock",
			);
			name = "[CP] Check Pods Manifest.lock";
			outputFileListPaths = (
			);
			outputPaths = (
				"$(DERIVED_FILE_DIR)/Pods-BeyondTask-BeyondTaskUITests-checkManifestLockResult.txt",
			);
			runOnlyForDeploymentPostprocessing = 0;
			shellPath = /bin/sh;
			shellScript = "diff \"${PODS_PODFILE_DIR_PATH}/Podfile.lock\" \"${PODS_ROOT}/Manifest.lock\" > /dev/null\nif [ $? != 0 ] ; then\n    # print error to STDERR\n    echo \"error: The sandbox is not in sync with the Podfile.lock. Run 'pod install' or update your CocoaPods installation.\" >&2\n    exit 1\nfi\n# This output is used by Xcode 'outputs' to avoid re-running this script phase.\necho \"SUCCESS\" > \"${SCRIPT_OUTPUT_FILE_0}\"\n";
			showEnvVarsInLog = 0;
		};
		AB2B90ABCE7F54AC4286D9F9 /* [CP] Check Pods Manifest.lock */ = {
			isa = PBXShellScriptBuildPhase;
			buildActionMask = 2147483647;
			files = (
			);
			inputFileListPaths = (
			);
			inputPaths = (
				"${PODS_PODFILE_DIR_PATH}/Podfile.lock",
				"${PODS_ROOT}/Manifest.lock",
			);
			name = "[CP] Check Pods Manifest.lock";
			outputFileListPaths = (
			);
			outputPaths = (
				"$(DERIVED_FILE_DIR)/Pods-BeyondTaskTests-checkManifestLockResult.txt",
			);
			runOnlyForDeploymentPostprocessing = 0;
			shellPath = /bin/sh;
			shellScript = "diff \"${PODS_PODFILE_DIR_PATH}/Podfile.lock\" \"${PODS_ROOT}/Manifest.lock\" > /dev/null\nif [ $? != 0 ] ; then\n    # print error to STDERR\n    echo \"error: The sandbox is not in sync with the Podfile.lock. Run 'pod install' or update your CocoaPods installation.\" >&2\n    exit 1\nfi\n# This output is used by Xcode 'outputs' to avoid re-running this script phase.\necho \"SUCCESS\" > \"${SCRIPT_OUTPUT_FILE_0}\"\n";
			showEnvVarsInLog = 0;
		};
/* End PBXShellScriptBuildPhase section */

/* Begin PBXSourcesBuildPhase section */
		0016E540277CAA8A00D8D844 /* Sources */ = {
			isa = PBXSourcesBuildPhase;
			buildActionMask = 2147483647;
			files = (
				0016E548277CAA8A00D8D844 /* AppDelegate.swift in Sources */,
				0016E54A277CAA8A00D8D844 /* SceneDelegate.swift in Sources */,
				0016E749277CAFAD00D8D844 /* FilterViewModel.swift in Sources */,
				0016E74C277CB49400D8D844 /* UseCase.swift in Sources */,
				00F64D1E277DC74000625E99 /* UIApplication+ScreenShot.swift in Sources */,
				0016E75B277CCDE800D8D844 /* FilterCollectionViewCell.swift in Sources */,
				00F64CFE277D95E100625E99 /* VideoPicker.swift in Sources */,
				00F64D21277DDBCE00625E99 /* VideoPicker+Filter.swift in Sources */,
				00F64D1B277DAC0000625E99 /* ApplicationDelegate.swift in Sources */,
				0016E747277CAF8F00D8D844 /* FilterViewController.swift in Sources */,
				0016E752277CC16600D8D844 /* CheckInternet.swift in Sources */,
				00F64D04277D9D4600625E99 /* VideoRouter.swift in Sources */,
				0016E765277D07DC00D8D844 /* VideoViewModel.swift in Sources */,
				00F64D07277D9EB600625E99 /* FilterRouter.swift in Sources */,
				0016E769277D07F900D8D844 /* VideoViewController.swift in Sources */,
				0016E751277CC16600D8D844 /* BaseViewController.swift in Sources */,
				0016E552277CAA8A00D8D844 /* BeyondTask.xcdatamodeld in Sources */,
				00F64D1A277DAC0000625E99 /* ApplicationService.swift in Sources */,
				0016E758277CC28D00D8D844 /* Alert.swift in Sources */,
				0016E753277CC16600D8D844 /* KeyBoard.swift in Sources */,
				0016E75D277CECE100D8D844 /* Constants.swift in Sources */,
			);
			runOnlyForDeploymentPostprocessing = 0;
		};
		0016E559277CAA9000D8D844 /* Sources */ = {
			isa = PBXSourcesBuildPhase;
			buildActionMask = 2147483647;
			files = (
				0016E562277CAA9000D8D844 /* BeyondTaskTests.swift in Sources */,
			);
			runOnlyForDeploymentPostprocessing = 0;
		};
		0016E563277CAA9000D8D844 /* Sources */ = {
			isa = PBXSourcesBuildPhase;
			buildActionMask = 2147483647;
			files = (
				0016E56E277CAA9000D8D844 /* BeyondTaskUITestsLaunchTests.swift in Sources */,
				0016E56C277CAA9000D8D844 /* BeyondTaskUITests.swift in Sources */,
			);
			runOnlyForDeploymentPostprocessing = 0;
		};
/* End PBXSourcesBuildPhase section */

/* Begin PBXTargetDependency section */
		0016E55F277CAA9000D8D844 /* PBXTargetDependency */ = {
			isa = PBXTargetDependency;
			target = 0016E543277CAA8A00D8D844 /* BeyondTask */;
			targetProxy = 0016E55E277CAA9000D8D844 /* PBXContainerItemProxy */;
		};
		0016E569277CAA9000D8D844 /* PBXTargetDependency */ = {
			isa = PBXTargetDependency;
			target = 0016E543277CAA8A00D8D844 /* BeyondTask */;
			targetProxy = 0016E568277CAA9000D8D844 /* PBXContainerItemProxy */;
		};
		00AF42C3277E16E500A33BC8 /* PBXTargetDependency */ = {
			isa = PBXTargetDependency;
			name = GPUImage_iOS;
			targetProxy = 00AF42C2277E16E500A33BC8 /* PBXContainerItemProxy */;
		};
/* End PBXTargetDependency section */

/* Begin PBXVariantGroup section */
		0016E54D277CAA8A00D8D844 /* Main.storyboard */ = {
			isa = PBXVariantGroup;
			children = (
				0016E54E277CAA8A00D8D844 /* Base */,
			);
			name = Main.storyboard;
			sourceTree = "<group>";
		};
		0016E555277CAA8F00D8D844 /* LaunchScreen.storyboard */ = {
			isa = PBXVariantGroup;
			children = (
				0016E556277CAA8F00D8D844 /* Base */,
			);
			name = LaunchScreen.storyboard;
			sourceTree = "<group>";
		};
/* End PBXVariantGroup section */

/* Begin XCBuildConfiguration section */
		0016E56F277CAA9000D8D844 /* Debug */ = {
			isa = XCBuildConfiguration;
			buildSettings = {
				ALWAYS_SEARCH_USER_PATHS = NO;
				CLANG_ANALYZER_NONNULL = YES;
				CLANG_ANALYZER_NUMBER_OBJECT_CONVERSION = YES_AGGRESSIVE;
				CLANG_CXX_LANGUAGE_STANDARD = "gnu++17";
				CLANG_CXX_LIBRARY = "libc++";
				CLANG_ENABLE_MODULES = YES;
				CLANG_ENABLE_OBJC_ARC = YES;
				CLANG_ENABLE_OBJC_WEAK = YES;
				CLANG_WARN_BLOCK_CAPTURE_AUTORELEASING = YES;
				CLANG_WARN_BOOL_CONVERSION = YES;
				CLANG_WARN_COMMA = YES;
				CLANG_WARN_CONSTANT_CONVERSION = YES;
				CLANG_WARN_DEPRECATED_OBJC_IMPLEMENTATIONS = YES;
				CLANG_WARN_DIRECT_OBJC_ISA_USAGE = YES_ERROR;
				CLANG_WARN_DOCUMENTATION_COMMENTS = YES;
				CLANG_WARN_EMPTY_BODY = YES;
				CLANG_WARN_ENUM_CONVERSION = YES;
				CLANG_WARN_INFINITE_RECURSION = YES;
				CLANG_WARN_INT_CONVERSION = YES;
				CLANG_WARN_NON_LITERAL_NULL_CONVERSION = YES;
				CLANG_WARN_OBJC_IMPLICIT_RETAIN_SELF = YES;
				CLANG_WARN_OBJC_LITERAL_CONVERSION = YES;
				CLANG_WARN_OBJC_ROOT_CLASS = YES_ERROR;
				CLANG_WARN_QUOTED_INCLUDE_IN_FRAMEWORK_HEADER = YES;
				CLANG_WARN_RANGE_LOOP_ANALYSIS = YES;
				CLANG_WARN_STRICT_PROTOTYPES = YES;
				CLANG_WARN_SUSPICIOUS_MOVE = YES;
				CLANG_WARN_UNGUARDED_AVAILABILITY = YES_AGGRESSIVE;
				CLANG_WARN_UNREACHABLE_CODE = YES;
				CLANG_WARN__DUPLICATE_METHOD_MATCH = YES;
				COPY_PHASE_STRIP = NO;
				DEBUG_INFORMATION_FORMAT = dwarf;
				ENABLE_STRICT_OBJC_MSGSEND = YES;
				ENABLE_TESTABILITY = YES;
				GCC_C_LANGUAGE_STANDARD = gnu11;
				GCC_DYNAMIC_NO_PIC = NO;
				GCC_NO_COMMON_BLOCKS = YES;
				GCC_OPTIMIZATION_LEVEL = 0;
				GCC_PREPROCESSOR_DEFINITIONS = (
					"DEBUG=1",
					"$(inherited)",
				);
				GCC_WARN_64_TO_32_BIT_CONVERSION = YES;
				GCC_WARN_ABOUT_RETURN_TYPE = YES_ERROR;
				GCC_WARN_UNDECLARED_SELECTOR = YES;
				GCC_WARN_UNINITIALIZED_AUTOS = YES_AGGRESSIVE;
				GCC_WARN_UNUSED_FUNCTION = YES;
				GCC_WARN_UNUSED_VARIABLE = YES;
				IPHONEOS_DEPLOYMENT_TARGET = 15.0;
				MTL_ENABLE_DEBUG_INFO = INCLUDE_SOURCE;
				MTL_FAST_MATH = YES;
				ONLY_ACTIVE_ARCH = YES;
				SDKROOT = iphoneos;
				SWIFT_ACTIVE_COMPILATION_CONDITIONS = DEBUG;
				SWIFT_OPTIMIZATION_LEVEL = "-Onone";
			};
			name = Debug;
		};
		0016E570277CAA9000D8D844 /* Release */ = {
			isa = XCBuildConfiguration;
			buildSettings = {
				ALWAYS_SEARCH_USER_PATHS = NO;
				CLANG_ANALYZER_NONNULL = YES;
				CLANG_ANALYZER_NUMBER_OBJECT_CONVERSION = YES_AGGRESSIVE;
				CLANG_CXX_LANGUAGE_STANDARD = "gnu++17";
				CLANG_CXX_LIBRARY = "libc++";
				CLANG_ENABLE_MODULES = YES;
				CLANG_ENABLE_OBJC_ARC = YES;
				CLANG_ENABLE_OBJC_WEAK = YES;
				CLANG_WARN_BLOCK_CAPTURE_AUTORELEASING = YES;
				CLANG_WARN_BOOL_CONVERSION = YES;
				CLANG_WARN_COMMA = YES;
				CLANG_WARN_CONSTANT_CONVERSION = YES;
				CLANG_WARN_DEPRECATED_OBJC_IMPLEMENTATIONS = YES;
				CLANG_WARN_DIRECT_OBJC_ISA_USAGE = YES_ERROR;
				CLANG_WARN_DOCUMENTATION_COMMENTS = YES;
				CLANG_WARN_EMPTY_BODY = YES;
				CLANG_WARN_ENUM_CONVERSION = YES;
				CLANG_WARN_INFINITE_RECURSION = YES;
				CLANG_WARN_INT_CONVERSION = YES;
				CLANG_WARN_NON_LITERAL_NULL_CONVERSION = YES;
				CLANG_WARN_OBJC_IMPLICIT_RETAIN_SELF = YES;
				CLANG_WARN_OBJC_LITERAL_CONVERSION = YES;
				CLANG_WARN_OBJC_ROOT_CLASS = YES_ERROR;
				CLANG_WARN_QUOTED_INCLUDE_IN_FRAMEWORK_HEADER = YES;
				CLANG_WARN_RANGE_LOOP_ANALYSIS = YES;
				CLANG_WARN_STRICT_PROTOTYPES = YES;
				CLANG_WARN_SUSPICIOUS_MOVE = YES;
				CLANG_WARN_UNGUARDED_AVAILABILITY = YES_AGGRESSIVE;
				CLANG_WARN_UNREACHABLE_CODE = YES;
				CLANG_WARN__DUPLICATE_METHOD_MATCH = YES;
				COPY_PHASE_STRIP = NO;
				DEBUG_INFORMATION_FORMAT = "dwarf-with-dsym";
				ENABLE_NS_ASSERTIONS = NO;
				ENABLE_STRICT_OBJC_MSGSEND = YES;
				GCC_C_LANGUAGE_STANDARD = gnu11;
				GCC_NO_COMMON_BLOCKS = YES;
				GCC_WARN_64_TO_32_BIT_CONVERSION = YES;
				GCC_WARN_ABOUT_RETURN_TYPE = YES_ERROR;
				GCC_WARN_UNDECLARED_SELECTOR = YES;
				GCC_WARN_UNINITIALIZED_AUTOS = YES_AGGRESSIVE;
				GCC_WARN_UNUSED_FUNCTION = YES;
				GCC_WARN_UNUSED_VARIABLE = YES;
				IPHONEOS_DEPLOYMENT_TARGET = 15.0;
				MTL_ENABLE_DEBUG_INFO = NO;
				MTL_FAST_MATH = YES;
				SDKROOT = iphoneos;
				SWIFT_COMPILATION_MODE = wholemodule;
				SWIFT_OPTIMIZATION_LEVEL = "-O";
				VALIDATE_PRODUCT = YES;
			};
			name = Release;
		};
		0016E572277CAA9000D8D844 /* Debug */ = {
			isa = XCBuildConfiguration;
			baseConfigurationReference = 72CA54EB3A61DDB66876EC5D /* Pods-BeyondTask.debug.xcconfig */;
			buildSettings = {
				ASSETCATALOG_COMPILER_APPICON_NAME = AppIcon;
				ASSETCATALOG_COMPILER_GLOBAL_ACCENT_COLOR_NAME = AccentColor;
				CODE_SIGN_STYLE = Automatic;
				CURRENT_PROJECT_VERSION = 1;
				DEVELOPMENT_TEAM = Y276977D9U;
				GENERATE_INFOPLIST_FILE = YES;
				INFOPLIST_FILE = BeyondTask/Info.plist;
				INFOPLIST_KEY_NSCameraUsageDescription = "allow app to open Gallery";
				INFOPLIST_KEY_NSMicrophoneUsageDescription = "allow app to open Gallery";
				INFOPLIST_KEY_NSPhotoLibraryAddUsageDescription = "allow app to open Gallery";
				INFOPLIST_KEY_NSPhotoLibraryUsageDescription = "allow app to open Gallery";
				INFOPLIST_KEY_UIApplicationSupportsIndirectInputEvents = YES;
				INFOPLIST_KEY_UILaunchStoryboardName = LaunchScreen;
				INFOPLIST_KEY_UIMainStoryboardFile = Main;
				INFOPLIST_KEY_UISupportedInterfaceOrientations_iPad = "UIInterfaceOrientationPortrait UIInterfaceOrientationPortraitUpsideDown UIInterfaceOrientationLandscapeLeft UIInterfaceOrientationLandscapeRight";
				INFOPLIST_KEY_UISupportedInterfaceOrientations_iPhone = "UIInterfaceOrientationPortrait UIInterfaceOrientationLandscapeLeft UIInterfaceOrientationLandscapeRight";
				LD_RUNPATH_SEARCH_PATHS = (
					"$(inherited)",
					"@executable_path/Frameworks",
				);
				MARKETING_VERSION = 1.0;
				PRODUCT_BUNDLE_IDENTIFIER = Taha.BeyondTask;
				PRODUCT_NAME = "$(TARGET_NAME)";
				SWIFT_EMIT_LOC_STRINGS = YES;
				SWIFT_VERSION = 5.0;
				TARGETED_DEVICE_FAMILY = "1,2";
			};
			name = Debug;
		};
		0016E573277CAA9000D8D844 /* Release */ = {
			isa = XCBuildConfiguration;
			baseConfigurationReference = 94DB8CF8FC0D74E5483A4DF7 /* Pods-BeyondTask.release.xcconfig */;
			buildSettings = {
				ASSETCATALOG_COMPILER_APPICON_NAME = AppIcon;
				ASSETCATALOG_COMPILER_GLOBAL_ACCENT_COLOR_NAME = AccentColor;
				CODE_SIGN_STYLE = Automatic;
				CURRENT_PROJECT_VERSION = 1;
				DEVELOPMENT_TEAM = Y276977D9U;
				GENERATE_INFOPLIST_FILE = YES;
				INFOPLIST_FILE = BeyondTask/Info.plist;
				INFOPLIST_KEY_NSCameraUsageDescription = "allow app to open Gallery";
				INFOPLIST_KEY_NSMicrophoneUsageDescription = "allow app to open Gallery";
				INFOPLIST_KEY_NSPhotoLibraryAddUsageDescription = "allow app to open Gallery";
				INFOPLIST_KEY_NSPhotoLibraryUsageDescription = "allow app to open Gallery";
				INFOPLIST_KEY_UIApplicationSupportsIndirectInputEvents = YES;
				INFOPLIST_KEY_UILaunchStoryboardName = LaunchScreen;
				INFOPLIST_KEY_UIMainStoryboardFile = Main;
				INFOPLIST_KEY_UISupportedInterfaceOrientations_iPad = "UIInterfaceOrientationPortrait UIInterfaceOrientationPortraitUpsideDown UIInterfaceOrientationLandscapeLeft UIInterfaceOrientationLandscapeRight";
				INFOPLIST_KEY_UISupportedInterfaceOrientations_iPhone = "UIInterfaceOrientationPortrait UIInterfaceOrientationLandscapeLeft UIInterfaceOrientationLandscapeRight";
				LD_RUNPATH_SEARCH_PATHS = (
					"$(inherited)",
					"@executable_path/Frameworks",
				);
				MARKETING_VERSION = 1.0;
				PRODUCT_BUNDLE_IDENTIFIER = Taha.BeyondTask;
				PRODUCT_NAME = "$(TARGET_NAME)";
				SWIFT_EMIT_LOC_STRINGS = YES;
				SWIFT_VERSION = 5.0;
				TARGETED_DEVICE_FAMILY = "1,2";
			};
			name = Release;
		};
		0016E575277CAA9000D8D844 /* Debug */ = {
			isa = XCBuildConfiguration;
			baseConfigurationReference = 1B4D8441378C1DC43552D450 /* Pods-BeyondTaskTests.debug.xcconfig */;
			buildSettings = {
				ALWAYS_EMBED_SWIFT_STANDARD_LIBRARIES = YES;
				BUNDLE_LOADER = "$(TEST_HOST)";
				CODE_SIGN_STYLE = Automatic;
				CURRENT_PROJECT_VERSION = 1;
				DEVELOPMENT_TEAM = Y276977D9U;
				GENERATE_INFOPLIST_FILE = YES;
				IPHONEOS_DEPLOYMENT_TARGET = 15.0;
				LD_RUNPATH_SEARCH_PATHS = (
					"$(inherited)",
					"@executable_path/Frameworks",
					"@loader_path/Frameworks",
				);
				MARKETING_VERSION = 1.0;
				PRODUCT_BUNDLE_IDENTIFIER = Taha.BeyondTaskTests;
				PRODUCT_NAME = "$(TARGET_NAME)";
				SWIFT_EMIT_LOC_STRINGS = NO;
				SWIFT_VERSION = 5.0;
				TARGETED_DEVICE_FAMILY = "1,2";
				TEST_HOST = "$(BUILT_PRODUCTS_DIR)/BeyondTask.app/BeyondTask";
			};
			name = Debug;
		};
		0016E576277CAA9000D8D844 /* Release */ = {
			isa = XCBuildConfiguration;
			baseConfigurationReference = DD1CA2CC29CB15542AC1325B /* Pods-BeyondTaskTests.release.xcconfig */;
			buildSettings = {
				ALWAYS_EMBED_SWIFT_STANDARD_LIBRARIES = YES;
				BUNDLE_LOADER = "$(TEST_HOST)";
				CODE_SIGN_STYLE = Automatic;
				CURRENT_PROJECT_VERSION = 1;
				DEVELOPMENT_TEAM = Y276977D9U;
				GENERATE_INFOPLIST_FILE = YES;
				IPHONEOS_DEPLOYMENT_TARGET = 15.0;
				LD_RUNPATH_SEARCH_PATHS = (
					"$(inherited)",
					"@executable_path/Frameworks",
					"@loader_path/Frameworks",
				);
				MARKETING_VERSION = 1.0;
				PRODUCT_BUNDLE_IDENTIFIER = Taha.BeyondTaskTests;
				PRODUCT_NAME = "$(TARGET_NAME)";
				SWIFT_EMIT_LOC_STRINGS = NO;
				SWIFT_VERSION = 5.0;
				TARGETED_DEVICE_FAMILY = "1,2";
				TEST_HOST = "$(BUILT_PRODUCTS_DIR)/BeyondTask.app/BeyondTask";
			};
			name = Release;
		};
		0016E578277CAA9000D8D844 /* Debug */ = {
			isa = XCBuildConfiguration;
			baseConfigurationReference = 59EA7E726F410CD335A235FA /* Pods-BeyondTask-BeyondTaskUITests.debug.xcconfig */;
			buildSettings = {
				ALWAYS_EMBED_SWIFT_STANDARD_LIBRARIES = YES;
				CODE_SIGN_STYLE = Automatic;
				CURRENT_PROJECT_VERSION = 1;
				DEVELOPMENT_TEAM = Y276977D9U;
				GENERATE_INFOPLIST_FILE = YES;
				LD_RUNPATH_SEARCH_PATHS = (
					"$(inherited)",
					"@executable_path/Frameworks",
					"@loader_path/Frameworks",
				);
				MARKETING_VERSION = 1.0;
				PRODUCT_BUNDLE_IDENTIFIER = Taha.BeyondTaskUITests;
				PRODUCT_NAME = "$(TARGET_NAME)";
				SWIFT_EMIT_LOC_STRINGS = NO;
				SWIFT_VERSION = 5.0;
				TARGETED_DEVICE_FAMILY = "1,2";
				TEST_TARGET_NAME = BeyondTask;
			};
			name = Debug;
		};
		0016E579277CAA9000D8D844 /* Release */ = {
			isa = XCBuildConfiguration;
			baseConfigurationReference = 4B079C9F978DD015A85D632E /* Pods-BeyondTask-BeyondTaskUITests.release.xcconfig */;
			buildSettings = {
				ALWAYS_EMBED_SWIFT_STANDARD_LIBRARIES = YES;
				CODE_SIGN_STYLE = Automatic;
				CURRENT_PROJECT_VERSION = 1;
				DEVELOPMENT_TEAM = Y276977D9U;
				GENERATE_INFOPLIST_FILE = YES;
				LD_RUNPATH_SEARCH_PATHS = (
					"$(inherited)",
					"@executable_path/Frameworks",
					"@loader_path/Frameworks",
				);
				MARKETING_VERSION = 1.0;
				PRODUCT_BUNDLE_IDENTIFIER = Taha.BeyondTaskUITests;
				PRODUCT_NAME = "$(TARGET_NAME)";
				SWIFT_EMIT_LOC_STRINGS = NO;
				SWIFT_VERSION = 5.0;
				TARGETED_DEVICE_FAMILY = "1,2";
				TEST_TARGET_NAME = BeyondTask;
			};
			name = Release;
		};
/* End XCBuildConfiguration section */

/* Begin XCConfigurationList section */
		0016E53F277CAA8A00D8D844 /* Build configuration list for PBXProject "BeyondTask" */ = {
			isa = XCConfigurationList;
			buildConfigurations = (
				0016E56F277CAA9000D8D844 /* Debug */,
				0016E570277CAA9000D8D844 /* Release */,
			);
			defaultConfigurationIsVisible = 0;
			defaultConfigurationName = Release;
		};
		0016E571277CAA9000D8D844 /* Build configuration list for PBXNativeTarget "BeyondTask" */ = {
			isa = XCConfigurationList;
			buildConfigurations = (
				0016E572277CAA9000D8D844 /* Debug */,
				0016E573277CAA9000D8D844 /* Release */,
			);
			defaultConfigurationIsVisible = 0;
			defaultConfigurationName = Release;
		};
		0016E574277CAA9000D8D844 /* Build configuration list for PBXNativeTarget "BeyondTaskTests" */ = {
			isa = XCConfigurationList;
			buildConfigurations = (
				0016E575277CAA9000D8D844 /* Debug */,
				0016E576277CAA9000D8D844 /* Release */,
			);
			defaultConfigurationIsVisible = 0;
			defaultConfigurationName = Release;
		};
		0016E577277CAA9000D8D844 /* Build configuration list for PBXNativeTarget "BeyondTaskUITests" */ = {
			isa = XCConfigurationList;
			buildConfigurations = (
				0016E578277CAA9000D8D844 /* Debug */,
				0016E579277CAA9000D8D844 /* Release */,
			);
			defaultConfigurationIsVisible = 0;
			defaultConfigurationName = Release;
		};
/* End XCConfigurationList section */

/* Begin XCVersionGroup section */
		0016E550277CAA8A00D8D844 /* BeyondTask.xcdatamodeld */ = {
			isa = XCVersionGroup;
			children = (
				0016E551277CAA8A00D8D844 /* BeyondTask.xcdatamodel */,
			);
			currentVersion = 0016E551277CAA8A00D8D844 /* BeyondTask.xcdatamodel */;
			path = BeyondTask.xcdatamodeld;
			sourceTree = "<group>";
			versionGroupType = wrapper.xcdatamodel;
		};
/* End XCVersionGroup section */
	};
	rootObject = 0016E53C277CAA8A00D8D844 /* Project object */;
}
